
Microsoft Visual Studio Solution File, Format Version 12.00
# Visual Studio Version 16
VisualStudioVersion = 16.0.30503.244
MinimumVisualStudioVersion = 10.0.40219.1
Project("{8BC9CEB8-8B4A-11D0-8D11-00A0C91BC942}") = "winforProject", "winforProject\winforProject.vcxproj", "{B0669442-8388-4015-B13D-27887ED24C54}"
EndProject
Global
	GlobalSection(SolutionConfigurationPlatforms) = preSolution
		Debug|x64 = Debug|x64
		Debug|x86 = Debug|x86
		Release|x64 = Release|x64
		Release|x86 = Release|x86
	EndGlobalSection
	GlobalSection(ProjectConfigurationPlatforms) = postSolution
		{B0669442-8388-4015-B13D-27887ED24C54}.Debug|x64.ActiveCfg = Debug|x64
		{B0669442-8388-4015-B13D-27887ED24C54}.Debug|x64.Build.0 = Debug|x64
		{B0669442-8388-4015-B13D-27887ED24C54}.Debug|x86.ActiveCfg = Debug|Win32
		{B0669442-8388-4015-B13D-27887ED24C54}.Debug|x86.Build.0 = Debug|Win32
		{B0669442-8388-4015-B13D-27887ED24C54}.Release|x64.ActiveCfg = Release|x64
		{B0669442-8388-4015-B13D-27887ED24C54}.Release|x64.Build.0 = Release|x64
		{B0669442-8388-4015-B13D-27887ED24C54}.Release|x86.ActiveCfg = Release|Win32
		{B0669442-8388-4015-B13D-27887ED24C54}.Release|x86.Build.0 = Release|Win32
	EndGlobalSection
	GlobalSection(SolutionProperties) = preSolution
		HideSolutionNode = FALSE
	EndGlobalSection
	GlobalSection(ExtensibilityGlobals) = postSolution
		SolutionGuid = {09D82612-6900-4AB7-9BE1-A24744D51F25}
	EndGlobalSection
EndGlobal
